
Microsoft Visual Studio Solution File, Format Version 12.00
# Visual Studio Version 17
VisualStudioVersion = 17.0.32112.339
MinimumVisualStudioVersion = 10.0.40219.1
Project("{FAE04EC0-301F-11D3-BF4B-00C04F79EFBC}") = "scpcbr", "scpcbr.csproj", "{38A0E46F-FEC2-459F-9195-4ECFE6C110BB}"
EndProject
Global
	GlobalSection(SolutionConfigurationPlatforms) = preSolution
		Debug|Any CPU = Debug|Any CPU
		Debug|x86 = Debug|x86
		Release|Any CPU = Release|Any CPU
		Release|x86 = Release|x86
	EndGlobalSection
	GlobalSection(ProjectConfigurationPlatforms) = postSolution
		{38A0E46F-FEC2-459F-9195-4ECFE6C110BB}.Debug|Any CPU.ActiveCfg = Release|Any CPU
		{38A0E46F-FEC2-459F-9195-4ECFE6C110BB}.Debug|Any CPU.Build.0 = Release|Any CPU
		{38A0E46F-FEC2-459F-9195-4ECFE6C110BB}.Debug|x86.ActiveCfg = Release|x86
		{38A0E46F-FEC2-459F-9195-4ECFE6C110BB}.Debug|x86.Build.0 = Release|x86
		{38A0E46F-FEC2-459F-9195-4ECFE6C110BB}.Release|Any CPU.ActiveCfg = Release|Any CPU
		{38A0E46F-FEC2-459F-9195-4ECFE6C110BB}.Release|Any CPU.Build.0 = Release|Any CPU
		{38A0E46F-FEC2-459F-9195-4ECFE6C110BB}.Release|x86.ActiveCfg = Release|x86
		{38A0E46F-FEC2-459F-9195-4ECFE6C110BB}.Release|x86.Build.0 = Release|x86
	EndGlobalSection
	GlobalSection(SolutionProperties) = preSolution
		HideSolutionNode = FALSE
	EndGlobalSection
	GlobalSection(ExtensibilityGlobals) = postSolution
		SolutionGuid = {479740AF-BAF8-4E6C-870F-0017EDC069E2}
	EndGlobalSection
EndGlobal
