<?xml version="1.0" encoding="utf-8"?>
<Project ToolsVersion="4.0" xmlns="http://schemas.microsoft.com/developer/msbuild/2003">
  <ItemGroup>
    <Filter Include="Source Files">
      <UniqueIdentifier>{4FC737F1-C7A5-4376-A066-2A32D752A2FF}</UniqueIdentifier>
      <Extensions>cpp;c;cc;cxx;c++;cppm;ixx;def;odl;idl;hpj;bat;asm;asmx</Extensions>
    </Filter>
    <Filter Include="Header Files">
      <UniqueIdentifier>{93995380-89BD-4b04-88EB-625FBE52EBFB}</UniqueIdentifier>
      <Extensions>h;hh;hpp;hxx;h++;hm;inl;inc;ipp;xsd</Extensions>
    </Filter>
    <Filter Include="Resource Files">
      <UniqueIdentifier>{67DA6AB6-F800-4c08-8B7A-83BB121AAD01}</UniqueIdentifier>
      <Extensions>rc;ico;cur;bmp;dlg;rc2;rct;bin;rgs;gif;jpg;jpeg;jpe;resx;tiff;tif;png;wav;mfcribbon-ms</Extensions>
    </Filter>
  </ItemGroup>
  <ItemGroup>
    <Library Include="steam_api.lib" />
    <Library Include="SteamAPI\lib\win32\sdkencryptedappticket.lib" />
    <Library Include="discord_rpc.lib" />
    <Library Include="glfw3.lib" />
    <Library Include="lua54.lib" />
    <Library Include="glew32s.lib" />
  </ItemGroup>
  <ItemGroup>
    <ClInclude Include="SteamAPI\isteamapplist.h">
      <Filter>Header Files</Filter>
    </ClInclude>
    <ClInclude Include="SteamAPI\isteamapps.h">
      <Filter>Header Files</Filter>
    </ClInclude>
    <ClInclude Include="SteamAPI\isteamappticket.h">
      <Filter>Header Files</Filter>
    </ClInclude>
    <ClInclude Include="SteamAPI\isteamclient.h">
      <Filter>Header Files</Filter>
    </ClInclude>
    <ClInclude Include="SteamAPI\isteamcontroller.h">
      <Filter>Header Files</Filter>
    </ClInclude>
    <ClInclude Include="SteamAPI\isteamdualsense.h">
      <Filter>Header Files</Filter>
    </ClInclude>
    <ClInclude Include="SteamAPI\isteamfriends.h">
      <Filter>Header Files</Filter>
    </ClInclude>
    <ClInclude Include="SteamAPI\isteamgamecoordinator.h">
      <Filter>Header Files</Filter>
    </ClInclude>
    <ClInclude Include="SteamAPI\isteamgameserver.h">
      <Filter>Header Files</Filter>
    </ClInclude>
    <ClInclude Include="SteamAPI\isteamgameserverstats.h">
      <Filter>Header Files</Filter>
    </ClInclude>
    <ClInclude Include="SteamAPI\isteamhtmlsurface.h">
      <Filter>Header Files</Filter>
    </ClInclude>
    <ClInclude Include="SteamAPI\isteamhttp.h">
      <Filter>Header Files</Filter>
    </ClInclude>
    <ClInclude Include="SteamAPI\isteaminput.h">
      <Filter>Header Files</Filter>
    </ClInclude>
    <ClInclude Include="SteamAPI\isteaminventory.h">
      <Filter>Header Files</Filter>
    </ClInclude>
    <ClInclude Include="SteamAPI\isteammatchmaking.h">
      <Filter>Header Files</Filter>
    </ClInclude>
    <ClInclude Include="SteamAPI\isteammusic.h">
      <Filter>Header Files</Filter>
    </ClInclude>
    <ClInclude Include="SteamAPI\isteammusicremote.h">
      <Filter>Header Files</Filter>
    </ClInclude>
    <ClInclude Include="SteamAPI\isteamnetworking.h">
      <Filter>Header Files</Filter>
    </ClInclude>
    <ClInclude Include="SteamAPI\isteamnetworkingmessages.h">
      <Filter>Header Files</Filter>
    </ClInclude>
    <ClInclude Include="SteamAPI\isteamnetworkingsockets.h">
      <Filter>Header Files</Filter>
    </ClInclude>
    <ClInclude Include="SteamAPI\isteamnetworkingutils.h">
      <Filter>Header Files</Filter>
    </ClInclude>
    <ClInclude Include="SteamAPI\isteamparentalsettings.h">
      <Filter>Header Files</Filter>
    </ClInclude>
    <ClInclude Include="SteamAPI\isteamps3overlayrenderer.h">
      <Filter>Header Files</Filter>
    </ClInclude>
    <ClInclude Include="SteamAPI\isteamremoteplay.h">
      <Filter>Header Files</Filter>
    </ClInclude>
    <ClInclude Include="SteamAPI\isteamremotestorage.h">
      <Filter>Header Files</Filter>
    </ClInclude>
    <ClInclude Include="SteamAPI\isteamscreenshots.h">
      <Filter>Header Files</Filter>
    </ClInclude>
    <ClInclude Include="SteamAPI\isteamugc.h">
      <Filter>Header Files</Filter>
    </ClInclude>
    <ClInclude Include="SteamAPI\isteamuser.h">
      <Filter>Header Files</Filter>
    </ClInclude>
    <ClInclude Include="SteamAPI\isteamuserstats.h">
      <Filter>Header Files</Filter>
    </ClInclude>
    <ClInclude Include="SteamAPI\isteamutils.h">
      <Filter>Header Files</Filter>
    </ClInclude>
    <ClInclude Include="SteamAPI\isteamvideo.h">
      <Filter>Header Files</Filter>
    </ClInclude>
    <ClInclude Include="SteamAPI\matchmakingtypes.h">
      <Filter>Header Files</Filter>
    </ClInclude>
    <ClInclude Include="SteamAPI\steam_api.h">
      <Filter>Header Files</Filter>
    </ClInclude>
    <ClInclude Include="SteamAPI\steam_api_common.h">
      <Filter>Header Files</Filter>
    </ClInclude>
    <ClInclude Include="SteamAPI\steam_api_flat.h">
      <Filter>Header Files</Filter>
    </ClInclude>
    <ClInclude Include="SteamAPI\steam_api_internal.h">
      <Filter>Header Files</Filter>
    </ClInclude>
    <ClInclude Include="SteamAPI\steam_gameserver.h">
      <Filter>Header Files</Filter>
    </ClInclude>
    <ClInclude Include="SteamAPI\steamclientpublic.h">
      <Filter>Header Files</Filter>
    </ClInclude>
    <ClInclude Include="SteamAPI\steamencryptedappticket.h">
      <Filter>Header Files</Filter>
    </ClInclude>
    <ClInclude Include="SteamAPI\steamhttpenums.h">
      <Filter>Header Files</Filter>
    </ClInclude>
    <ClInclude Include="SteamAPI\steamnetworkingfakeip.h">
      <Filter>Header Files</Filter>
    </ClInclude>
    <ClInclude Include="SteamAPI\steamnetworkingtypes.h">
      <Filter>Header Files</Filter>
    </ClInclude>
    <ClInclude Include="SteamAPI\steamps3params.h">
      <Filter>Header Files</Filter>
    </ClInclude>
    <ClInclude Include="SteamAPI\steamtypes.h">
      <Filter>Header Files</Filter>
    </ClInclude>
    <ClInclude Include="SteamAPI\steamuniverse.h">
      <Filter>Header Files</Filter>
    </ClInclude>
    <ClInclude Include="Discord.h">
      <Filter>Header Files</Filter>
    </ClInclude>
    <ClInclude Include="DiscordAPI\discord_register.h">
      <Filter>Header Files</Filter>
    </ClInclude>
    <ClInclude Include="DiscordAPI\discord_rpc.h">
      <Filter>Header Files</Filter>
    </ClInclude>
    <ClInclude Include="Network.h">
      <Filter>Header Files</Filter>
    </ClInclude>
    <ClInclude Include="Lua\Engine\LuaState.hpp">
      <Filter>Header Files</Filter>
    </ClInclude>
    <ClInclude Include="Lua\Engine\LuaTBoolean.hpp">
      <Filter>Header Files</Filter>
    </ClInclude>
    <ClInclude Include="Lua\Engine\LuaTNil.hpp">
      <Filter>Header Files</Filter>
    </ClInclude>
    <ClInclude Include="Lua\Engine\LuaTNumber.hpp">
      <Filter>Header Files</Filter>
    </ClInclude>
    <ClInclude Include="Lua\Engine\LuaTString.hpp">
      <Filter>Header Files</Filter>
    </ClInclude>
    <ClInclude Include="Lua\Engine\LuaTTable.hpp">
      <Filter>Header Files</Filter>
    </ClInclude>
    <ClInclude Include="Lua\Engine\LuaTUserData.hpp">
      <Filter>Header Files</Filter>
    </ClInclude>
    <ClInclude Include="Lua\Engine\LuaType.hpp">
      <Filter>Header Files</Filter>
    </ClInclude>
    <ClInclude Include="Lua\Registry\LuaCFunction.hpp">
      <Filter>Header Files</Filter>
    </ClInclude>
    <ClInclude Include="Lua\Registry\LuaCodeSnippet.hpp">
      <Filter>Header Files</Filter>
    </ClInclude>
    <ClInclude Include="Lua\Registry\LuaCompiler.hpp">
      <Filter>Header Files</Filter>
    </ClInclude>
    <ClInclude Include="Lua\Registry\LuaLibrary.hpp">
      <Filter>Header Files</Filter>
    </ClInclude>
    <ClInclude Include="Lua\Registry\LuaRegistry.hpp">
      <Filter>Header Files</Filter>
    </ClInclude>
    <ClInclude Include="Lua\Lua.hpp">
      <Filter>Header Files</Filter>
    </ClInclude>
    <ClInclude Include="Lua\LuaContext.hpp">
      <Filter>Header Files</Filter>
    </ClInclude>
    <ClInclude Include="Lua\LuaCpp.hpp">
      <Filter>Header Files</Filter>
    </ClInclude>
    <ClInclude Include="Lua\LuaMetaObject.hpp">
      <Filter>Header Files</Filter>
    </ClInclude>
    <ClInclude Include="Lua\LuaVersion.hpp">
      <Filter>Header Files</Filter>
    </ClInclude>
    <ClInclude Include="Lua\lauxlib.h">
      <Filter>Header Files</Filter>
    </ClInclude>
    <ClInclude Include="Lua\luaconf.h">
      <Filter>Header Files</Filter>
    </ClInclude>
    <ClInclude Include="Lua\lualib.h">
      <Filter>Header Files</Filter>
    </ClInclude>
    <ClInclude Include="Lua\lua.h">
      <Filter>Header Files</Filter>
    </ClInclude>
    <ClInclude Include="Game.hpp">
      <Filter>Header Files</Filter>
    </ClInclude>
    <ClInclude Include="Modding\Mod.h">
      <Filter>Header Files</Filter>
    </ClInclude>
    <ClInclude Include="Modding\Print.h">
      <Filter>Header Files</Filter>
    </ClInclude>
    <ClInclude Include="Toml\toml.hpp">
      <Filter>Header Files</Filter>
    </ClInclude>
    <ClInclude Include="Modding\Libraries\game.h">
      <Filter>Header Files</Filter>
    </ClInclude>
    <ClInclude Include="Modding\Libraries\console.h">
      <Filter>Header Files</Filter>
    </ClInclude>
    <ClInclude Include="Localization\Language.h">
      <Filter>Header Files</Filter>
    </ClInclude>
    <ClInclude Include="Color.h">
      <Filter>Header Files</Filter>
    </ClInclude>
    <ClInclude Include="Console\GLFW\glfw3.h">
      <Filter>Header Files</Filter>
    </ClInclude>
    <ClInclude Include="Console\GLFW\glfw3native.h">
      <Filter>Header Files</Filter>
    </ClInclude>
    <ClInclude Include="Console\IMGUI\imconfig.h">
      <Filter>Header Files</Filter>
    </ClInclude>
    <ClInclude Include="Console\IMGUI\imgui.h">
      <Filter>Header Files</Filter>
    </ClInclude>
    <ClInclude Include="Console\IMGUI\imgui_impl_glfw.h">
      <Filter>Header Files</Filter>
    </ClInclude>
    <ClInclude Include="Console\IMGUI\imgui_impl_opengl3.h">
      <Filter>Header Files</Filter>
    </ClInclude>
    <ClInclude Include="Console\IMGUI\imgui_impl_opengl3_loader.h">
      <Filter>Header Files</Filter>
    </ClInclude>
    <ClInclude Include="Console\IMGUI\imgui_internal.h">
      <Filter>Header Files</Filter>
    </ClInclude>
    <ClInclude Include="Console\IMGUI\imstb_rectpack.h">
      <Filter>Header Files</Filter>
    </ClInclude>
    <ClInclude Include="Console\IMGUI\imstb_textedit.h">
      <Filter>Header Files</Filter>
    </ClInclude>
    <ClInclude Include="Console\IMGUI\imstb_truetype.h">
      <Filter>Header Files</Filter>
    </ClInclude>
    <ClInclude Include="Console\Console.hpp">
      <Filter>Header Files</Filter>
    </ClInclude>
    <ClInclude Include="Console\STBI\stb_image.h">
      <Filter>Header Files</Filter>
    </ClInclude>
  </ItemGroup>
  <ItemGroup>
    <None Include="SteamAPI\steam_api.json" />
    <None Include="SteamAPI\lib\win32\sdkencryptedappticket.dll" />
    <None Include="cpp.hint" />
    <None Include="discord-rpc.dll" />
    <None Include="SCPSDK.decls" />
  </ItemGroup>
  <ItemGroup>
    <ClCompile Include="API.cpp">
      <Filter>Source Files</Filter>
    </ClCompile>
    <ClCompile Include="Discord.cpp">
      <Filter>Source Files</Filter>
    </ClCompile>
    <ClCompile Include="Lua\Engine\LuaState.cpp">
      <Filter>Source Files</Filter>
    </ClCompile>
    <ClCompile Include="Lua\Engine\LuaTBoolean.cpp">
      <Filter>Source Files</Filter>
    </ClCompile>
    <ClCompile Include="Lua\Engine\LuaTNil.cpp">
      <Filter>Source Files</Filter>
    </ClCompile>
    <ClCompile Include="Lua\Engine\LuaTNumber.cpp">
      <Filter>Source Files</Filter>
    </ClCompile>
    <ClCompile Include="Lua\Engine\LuaTString.cpp">
      <Filter>Source Files</Filter>
    </ClCompile>
    <ClCompile Include="Lua\Engine\LuaTTable.cpp">
      <Filter>Source Files</Filter>
    </ClCompile>
    <ClCompile Include="Lua\Engine\LuaTUserData.cpp">
      <Filter>Source Files</Filter>
    </ClCompile>
    <ClCompile Include="Lua\Engine\LuaType.cpp">
      <Filter>Source Files</Filter>
    </ClCompile>
    <ClCompile Include="Lua\Registry\LuaCFunction.cpp">
      <Filter>Source Files</Filter>
    </ClCompile>
    <ClCompile Include="Lua\Registry\LuaCodeSnippet.cpp">
      <Filter>Source Files</Filter>
    </ClCompile>
    <ClCompile Include="Lua\Registry\LuaCompiler.cpp">
      <Filter>Source Files</Filter>
    </ClCompile>
    <ClCompile Include="Lua\Registry\LuaLibrary.cpp">
      <Filter>Source Files</Filter>
    </ClCompile>
    <ClCompile Include="Lua\Registry\LuaRegistry.cpp">
      <Filter>Source Files</Filter>
    </ClCompile>
    <ClCompile Include="Lua\LuaContext.cpp">
      <Filter>Source Files</Filter>
    </ClCompile>
    <ClCompile Include="Lua\LuaMetaObject.cpp">
      <Filter>Source Files</Filter>
    </ClCompile>
    <ClCompile Include="Lua\LuaVersion.cpp">
      <Filter>Source Files</Filter>
    </ClCompile>
    <ClCompile Include="Console\IMGUI\imgui.cpp">
      <Filter>Source Files</Filter>
    </ClCompile>
    <ClCompile Include="Console\IMGUI\imgui_demo.cpp">
      <Filter>Source Files</Filter>
    </ClCompile>
    <ClCompile Include="Console\IMGUI\imgui_draw.cpp">
      <Filter>Source Files</Filter>
    </ClCompile>
    <ClCompile Include="Console\IMGUI\imgui_impl_glfw.cpp">
      <Filter>Source Files</Filter>
    </ClCompile>
    <ClCompile Include="Console\IMGUI\imgui_impl_opengl3.cpp">
      <Filter>Source Files</Filter>
    </ClCompile>
    <ClCompile Include="Console\IMGUI\imgui_tables.cpp">
      <Filter>Source Files</Filter>
    </ClCompile>
    <ClCompile Include="Console\IMGUI\imgui_widgets.cpp">
      <Filter>Source Files</Filter>
    </ClCompile>
  </ItemGroup>
</Project>